
Microsoft Visual Studio Solution File, Format Version 12.00
# Visual Studio Version 16
VisualStudioVersion = 16.0.29521.150
MinimumVisualStudioVersion = 10.0.40219.1
Project("{FAE04EC0-301F-11D3-BF4B-00C04F79EFBC}") = "WebApplication10", "WebApplication10\WebApplication10.csproj", "{975149BE-565C-4EB8-8E4D-8FA5734677D5}"
EndProject
Global
	GlobalSection(SolutionConfigurationPlatforms) = preSolution
		Debug|Any CPU = Debug|Any CPU
		Release|Any CPU = Release|Any CPU
	EndGlobalSection
	GlobalSection(ProjectConfigurationPlatforms) = postSolution
		{975149BE-565C-4EB8-8E4D-8FA5734677D5}.Debug|Any CPU.ActiveCfg = Debug|Any CPU
		{975149BE-565C-4EB8-8E4D-8FA5734677D5}.Debug|Any CPU.Build.0 = Debug|Any CPU
		{975149BE-565C-4EB8-8E4D-8FA5734677D5}.Release|Any CPU.ActiveCfg = Release|Any CPU
		{975149BE-565C-4EB8-8E4D-8FA5734677D5}.Release|Any CPU.Build.0 = Release|Any CPU
	EndGlobalSection
	GlobalSection(SolutionProperties) = preSolution
		HideSolutionNode = FALSE
	EndGlobalSection
	GlobalSection(ExtensibilityGlobals) = postSolution
		SolutionGuid = {72E52842-7930-4D93-A2BF-4BB2A8A4DA9F}
	EndGlobalSection
EndGlobal
